// !$*UTF8*$!
{
	archiveVersion = 1;
	classes = {
	};
	objectVersion = 50;
	objects = {

/* Begin PBXBuildFile section */
		13AF60EB22347E8B0041FAA9 /* AppDelegate.swift in Sources */ = {isa = PBXBuildFile; fileRef = 13AF60EA22347E8B0041FAA9 /* AppDelegate.swift */; };
		13AF60F022347E8B0041FAA9 /* Main.storyboard in Resources */ = {isa = PBXBuildFile; fileRef = 13AF60EE22347E8B0041FAA9 /* Main.storyboard */; };
		13AF60F222347E8D0041FAA9 /* Assets.xcassets in Resources */ = {isa = PBXBuildFile; fileRef = 13AF60F122347E8D0041FAA9 /* Assets.xcassets */; };
		13AF60F522347E8D0041FAA9 /* LaunchScreen.storyboard in Resources */ = {isa = PBXBuildFile; fileRef = 13AF60F322347E8D0041FAA9 /* LaunchScreen.storyboard */; };
		13AF60FE22347F4C0041FAA9 /* Result.swift in Sources */ = {isa = PBXBuildFile; fileRef = 13AF60FD22347F4C0041FAA9 /* Result.swift */; };
		13AF6100223482B40041FAA9 /* Response.swift in Sources */ = {isa = PBXBuildFile; fileRef = 13AF60FF223482B40041FAA9 /* Response.swift */; };
		13AF6102223482CE0041FAA9 /* Review.swift in Sources */ = {isa = PBXBuildFile; fileRef = 13AF6101223482CE0041FAA9 /* Review.swift */; };
		13AF61052234848C0041FAA9 /* ReviewsTableViewController.swift in Sources */ = {isa = PBXBuildFile; fileRef = 13AF61042234848C0041FAA9 /* ReviewsTableViewController.swift */; };
		13AF61072234948C0041FAA9 /* ReviewTableViewCell.swift in Sources */ = {isa = PBXBuildFile; fileRef = 13AF61062234948C0041FAA9 /* ReviewTableViewCell.swift */; };
/* End PBXBuildFile section */

/* Begin PBXFileReference section */
		13AF60E722347E8B0041FAA9 /* GlassdoorDemo.app */ = {isa = PBXFileReference; explicitFileType = wrapper.application; includeInIndex = 0; path = GlassdoorDemo.app; sourceTree = BUILT_PRODUCTS_DIR; };
		13AF60EA22347E8B0041FAA9 /* AppDelegate.swift */ = {isa = PBXFileReference; lastKnownFileType = sourcecode.swift; path = AppDelegate.swift; sourceTree = "<group>"; };
		13AF60EF22347E8B0041FAA9 /* Base */ = {isa = PBXFileReference; lastKnownFileType = file.storyboard; name = Base; path = Base.lproj/Main.storyboard; sourceTree = "<group>"; };
		13AF60F122347E8D0041FAA9 /* Assets.xcassets */ = {isa = PBXFileReference; lastKnownFileType = folder.assetcatalog; path = Assets.xcassets; sourceTree = "<group>"; };
		13AF60F422347E8D0041FAA9 /* Base */ = {isa = PBXFileReference; lastKnownFileType = file.storyboard; name = Base; path = Base.lproj/LaunchScreen.storyboard; sourceTree = "<group>"; };
		13AF60F622347E8D0041FAA9 /* Info.plist */ = {isa = PBXFileReference; lastKnownFileType = text.plist.xml; path = Info.plist; sourceTree = "<group>"; };
		13AF60FD22347F4C0041FAA9 /* Result.swift */ = {isa = PBXFileReference; lastKnownFileType = sourcecode.swift; path = Result.swift; sourceTree = "<group>"; };
		13AF60FF223482B40041FAA9 /* Response.swift */ = {isa = PBXFileReference; lastKnownFileType = sourcecode.swift; path = Response.swift; sourceTree = "<group>"; };
		13AF6101223482CE0041FAA9 /* Review.swift */ = {isa = PBXFileReference; lastKnownFileType = sourcecode.swift; path = Review.swift; sourceTree = "<group>"; };
		13AF61042234848C0041FAA9 /* ReviewsTableViewController.swift */ = {isa = PBXFileReference; lastKnownFileType = sourcecode.swift; path = ReviewsTableViewController.swift; sourceTree = "<group>"; };
		13AF61062234948C0041FAA9 /* ReviewTableViewCell.swift */ = {isa = PBXFileReference; lastKnownFileType = sourcecode.swift; path = ReviewTableViewCell.swift; sourceTree = "<group>"; };
/* End PBXFileReference section */

/* Begin PBXFrameworksBuildPhase section */
		13AF60E422347E8B0041FAA9 /* Frameworks */ = {
			isa = PBXFrameworksBuildPhase;
			buildActionMask = 2147483647;
			files = (
			);
			runOnlyForDeploymentPostprocessing = 0;
		};
/* End PBXFrameworksBuildPhase section */

/* Begin PBXGroup section */
		13AF60DE22347E8B0041FAA9 = {
			isa = PBXGroup;
			children = (
				13AF60E922347E8B0041FAA9 /* GlassdoorDemo */,
				13AF60E822347E8B0041FAA9 /* Products */,
			);
			sourceTree = "<group>";
		};
		13AF60E822347E8B0041FAA9 /* Products */ = {
			isa = PBXGroup;
			children = (
				13AF60E722347E8B0041FAA9 /* GlassdoorDemo.app */,
			);
			name = Products;
			sourceTree = "<group>";
		};
		13AF60E922347E8B0041FAA9 /* GlassdoorDemo */ = {
			isa = PBXGroup;
			children = (
				13AF60F622347E8D0041FAA9 /* Info.plist */,
				13AF61032234834A0041FAA9 /* Models */,
				13AF60EE22347E8B0041FAA9 /* Main.storyboard */,
				13AF61042234848C0041FAA9 /* ReviewsTableViewController.swift */,
				13AF61062234948C0041FAA9 /* ReviewTableViewCell.swift */,
				13AF60FC22347EF00041FAA9 /* Extras */,
			);
			path = GlassdoorDemo;
			sourceTree = "<group>";
		};
		13AF60FC22347EF00041FAA9 /* Extras */ = {
			isa = PBXGroup;
			children = (
				13AF60EA22347E8B0041FAA9 /* AppDelegate.swift */,
				13AF60F122347E8D0041FAA9 /* Assets.xcassets */,
				13AF60F322347E8D0041FAA9 /* LaunchScreen.storyboard */,
			);
			path = Extras;
			sourceTree = "<group>";
		};
		13AF61032234834A0041FAA9 /* Models */ = {
			isa = PBXGroup;
			children = (
				13AF60FD22347F4C0041FAA9 /* Result.swift */,
				13AF60FF223482B40041FAA9 /* Response.swift */,
				13AF6101223482CE0041FAA9 /* Review.swift */,
			);
			path = Models;
			sourceTree = "<group>";
		};
/* End PBXGroup section */

/* Begin PBXNativeTarget section */
		13AF60E622347E8B0041FAA9 /* GlassdoorDemo */ = {
			isa = PBXNativeTarget;
			buildConfigurationList = 13AF60F922347E8D0041FAA9 /* Build configuration list for PBXNativeTarget "GlassdoorDemo" */;
			buildPhases = (
				13AF60E322347E8B0041FAA9 /* Sources */,
				13AF60E422347E8B0041FAA9 /* Frameworks */,
				13AF60E522347E8B0041FAA9 /* Resources */,
			);
			buildRules = (
			);
			dependencies = (
			);
			name = GlassdoorDemo;
			productName = GlassdoorDemo;
			productReference = 13AF60E722347E8B0041FAA9 /* GlassdoorDemo.app */;
			productType = "com.apple.product-type.application";
		};
/* End PBXNativeTarget section */

/* Begin PBXProject section */
		13AF60DF22347E8B0041FAA9 /* Project object */ = {
			isa = PBXProject;
			attributes = {
				LastSwiftUpdateCheck = 1010;
				LastUpgradeCheck = 1010;
				ORGANIZATIONNAME = "Aayush Srivastava";
				TargetAttributes = {
					13AF60E622347E8B0041FAA9 = {
						CreatedOnToolsVersion = 10.1;
					};
				};
			};
			buildConfigurationList = 13AF60E222347E8B0041FAA9 /* Build configuration list for PBXProject "GlassdoorDemo" */;
			compatibilityVersion = "Xcode 9.3";
			developmentRegion = en;
			hasScannedForEncodings = 0;
			knownRegions = (
				en,
				Base,
			);
			mainGroup = 13AF60DE22347E8B0041FAA9;
			productRefGroup = 13AF60E822347E8B0041FAA9 /* Products */;
			projectDirPath = "";
			projectRoot = "";
			targets = (
				13AF60E622347E8B0041FAA9 /* GlassdoorDemo */,
			);
		};
/* End PBXProject section */

/* Begin PBXResourcesBuildPhase section */
		13AF60E522347E8B0041FAA9 /* Resources */ = {
			isa = PBXResourcesBuildPhase;
			buildActionMask = 2147483647;
			files = (
				13AF60F522347E8D0041FAA9 /* LaunchScreen.storyboard in Resources */,
				13AF60F222347E8D0041FAA9 /* Assets.xcassets in Resources */,
				13AF60F022347E8B0041FAA9 /* Main.storyboard in Resources */,
			);
			runOnlyForDeploymentPostprocessing = 0;
		};
/* End PBXResourcesBuildPhase section */

/* Begin PBXSourcesBuildPhase section */
		13AF60E322347E8B0041FAA9 /* Sources */ = {
			isa = PBXSourcesBuildPhase;
			buildActionMask = 2147483647;
			files = (
				13AF6102223482CE0041FAA9 /* Review.swift in Sources */,
				13AF61072234948C0041FAA9 /* ReviewTableViewCell.swift in Sources */,
				13AF61052234848C0041FAA9 /* ReviewsTableViewController.swift in Sources */,
				13AF6100223482B40041FAA9 /* Response.swift in Sources */,
				13AF60EB22347E8B0041FAA9 /* AppDelegate.swift in Sources */,
				13AF60FE22347F4C0041FAA9 /* Result.swift in Sources */,
			);
			runOnlyForDeploymentPostprocessing = 0;
		};
/* End PBXSourcesBuildPhase section */

/* Begin PBXVariantGroup section */
		13AF60EE22347E8B0041FAA9 /* Main.storyboard */ = {
			isa = PBXVariantGroup;
			children = (
				13AF60EF22347E8B0041FAA9 /* Base */,
			);
			name = Main.storyboard;
			sourceTree = "<group>";
		};
		13AF60F322347E8D0041FAA9 /* LaunchScreen.storyboard */ = {
			isa = PBXVariantGroup;
			children = (
				13AF60F422347E8D0041FAA9 /* Base */,
			);
			name = LaunchScreen.storyboard;
			sourceTree = "<group>";
		};
/* End PBXVariantGroup section */

/* Begin XCBuildConfiguration section */
		13AF60F722347E8D0041FAA9 /* Debug */ = {
			isa = XCBuildConfiguration;
			buildSettings = {
				ALWAYS_SEARCH_USER_PATHS = NO;
				CLANG_ANALYZER_NONNULL = YES;
				CLANG_ANALYZER_NUMBER_OBJECT_CONVERSION = YES_AGGRESSIVE;
				CLANG_CXX_LANGUAGE_STANDARD = "gnu++14";
				CLANG_CXX_LIBRARY = "libc++";
				CLANG_ENABLE_MODULES = YES;
				CLANG_ENABLE_OBJC_ARC = YES;
				CLANG_ENABLE_OBJC_WEAK = YES;
				CLANG_WARN_BLOCK_CAPTURE_AUTORELEASING = YES;
				CLANG_WARN_BOOL_CONVERSION = YES;
				CLANG_WARN_COMMA = YES;
				CLANG_WARN_CONSTANT_CONVERSION = YES;
				CLANG_WARN_DEPRECATED_OBJC_IMPLEMENTATIONS = YES;
				CLANG_WARN_DIRECT_OBJC_ISA_USAGE = YES_ERROR;
				CLANG_WARN_DOCUMENTATION_COMMENTS = YES;
				CLANG_WARN_EMPTY_BODY = YES;
				CLANG_WARN_ENUM_CONVERSION = YES;
				CLANG_WARN_INFINITE_RECURSION = YES;
				CLANG_WARN_INT_CONVERSION = YES;
				CLANG_WARN_NON_LITERAL_NULL_CONVERSION = YES;
				CLANG_WARN_OBJC_IMPLICIT_RETAIN_SELF = YES;
				CLANG_WARN_OBJC_LITERAL_CONVERSION = YES;
				CLANG_WARN_OBJC_ROOT_CLASS = YES_ERROR;
				CLANG_WARN_RANGE_LOOP_ANALYSIS = YES;
				CLANG_WARN_STRICT_PROTOTYPES = YES;
				CLANG_WARN_SUSPICIOUS_MOVE = YES;
				CLANG_WARN_UNGUARDED_AVAILABILITY = YES_AGGRESSIVE;
				CLANG_WARN_UNREACHABLE_CODE = YES;
				CLANG_WARN__DUPLICATE_METHOD_MATCH = YES;
				CODE_SIGN_IDENTITY = "iPhone Developer";
				COPY_PHASE_STRIP = NO;
				DEBUG_INFORMATION_FORMAT = dwarf;
				ENABLE_STRICT_OBJC_MSGSEND = YES;
				ENABLE_TESTABILITY = YES;
				GCC_C_LANGUAGE_STANDARD = gnu11;
				GCC_DYNAMIC_NO_PIC = NO;
				GCC_NO_COMMON_BLOCKS = YES;
				GCC_OPTIMIZATION_LEVEL = 0;
				GCC_PREPROCESSOR_DEFINITIONS = (
					"DEBUG=1",
					"$(inherited)",
				);
				GCC_WARN_64_TO_32_BIT_CONVERSION = YES;
				GCC_WARN_ABOUT_RETURN_TYPE = YES_ERROR;
				GCC_WARN_UNDECLARED_SELECTOR = YES;
				GCC_WARN_UNINITIALIZED_AUTOS = YES_AGGRESSIVE;
				GCC_WARN_UNUSED_FUNCTION = YES;
				GCC_WARN_UNUSED_VARIABLE = YES;
				IPHONEOS_DEPLOYMENT_TARGET = 12.1;
				MTL_ENABLE_DEBUG_INFO = INCLUDE_SOURCE;
				MTL_FAST_MATH = YES;
				ONLY_ACTIVE_ARCH = YES;
				SDKROOT = iphoneos;
				SWIFT_ACTIVE_COMPILATION_CONDITIONS = DEBUG;
				SWIFT_OPTIMIZATION_LEVEL = "-Onone";
			};
			name = Debug;
		};
		13AF60F822347E8D0041FAA9 /* Release */ = {
			isa = XCBuildConfiguration;
			buildSettings = {
				ALWAYS_SEARCH_USER_PATHS = NO;
				CLANG_ANALYZER_NONNULL = YES;
				CLANG_ANALYZER_NUMBER_OBJECT_CONVERSION = YES_AGGRESSIVE;
				CLANG_CXX_LANGUAGE_STANDARD = "gnu++14";
				CLANG_CXX_LIBRARY = "libc++";
				CLANG_ENABLE_MODULES = YES;
				CLANG_ENABLE_OBJC_ARC = YES;
				CLANG_ENABLE_OBJC_WEAK = YES;
				CLANG_WARN_BLOCK_CAPTURE_AUTORELEASING = YES;
				CLANG_WARN_BOOL_CONVERSION = YES;
				CLANG_WARN_COMMA = YES;
				CLANG_WARN_CONSTANT_CONVERSION = YES;
				CLANG_WARN_DEPRECATED_OBJC_IMPLEMENTATIONS = YES;
				CLANG_WARN_DIRECT_OBJC_ISA_USAGE = YES_ERROR;
				CLANG_WARN_DOCUMENTATION_COMMENTS = YES;
				CLANG_WARN_EMPTY_BODY = YES;
				CLANG_WARN_ENUM_CONVERSION = YES;
				CLANG_WARN_INFINITE_RECURSION = YES;
				CLANG_WARN_INT_CONVERSION = YES;
				CLANG_WARN_NON_LITERAL_NULL_CONVERSION = YES;
				CLANG_WARN_OBJC_IMPLICIT_RETAIN_SELF = YES;
				CLANG_WARN_OBJC_LITERAL_CONVERSION = YES;
				CLANG_WARN_OBJC_ROOT_CLASS = YES_ERROR;
				CLANG_WARN_RANGE_LOOP_ANALYSIS = YES;
				CLANG_WARN_STRICT_PROTOTYPES = YES;
				CLANG_WARN_SUSPICIOUS_MOVE = YES;
				CLANG_WARN_UNGUARDED_AVAILABILITY = YES_AGGRESSIVE;
				CLANG_WARN_UNREACHABLE_CODE = YES;
				CLANG_WARN__DUPLICATE_METHOD_MATCH = YES;
				CODE_SIGN_IDENTITY = "iPhone Developer";
				COPY_PHASE_STRIP = NO;
				DEBUG_INFORMATION_FORMAT = "dwarf-with-dsym";
				ENABLE_NS_ASSERTIONS = NO;
				ENABLE_STRICT_OBJC_MSGSEND = YES;
				GCC_C_LANGUAGE_STANDARD = gnu11;
				GCC_NO_COMMON_BLOCKS = YES;
				GCC_WARN_64_TO_32_BIT_CONVERSION = YES;
				GCC_WARN_ABOUT_RETURN_TYPE = YES_ERROR;
				GCC_WARN_UNDECLARED_SELECTOR = YES;
				GCC_WARN_UNINITIALIZED_AUTOS = YES_AGGRESSIVE;
				GCC_WARN_UNUSED_FUNCTION = YES;
				GCC_WARN_UNUSED_VARIABLE = YES;
				IPHONEOS_DEPLOYMENT_TARGET = 12.1;
				MTL_ENABLE_DEBUG_INFO = NO;
				MTL_FAST_MATH = YES;
				SDKROOT = iphoneos;
				SWIFT_COMPILATION_MODE = wholemodule;
				SWIFT_OPTIMIZATION_LEVEL = "-O";
				VALIDATE_PRODUCT = YES;
			};
			name = Release;
		};
		13AF60FA22347E8D0041FAA9 /* Debug */ = {
			isa = XCBuildConfiguration;
			buildSettings = {
				ASSETCATALOG_COMPILER_APPICON_NAME = AppIcon;
				CODE_SIGN_STYLE = Automatic;
				DEVELOPMENT_TEAM = TWFJG3F896;
				INFOPLIST_FILE = GlassdoorDemo/Info.plist;
				LD_RUNPATH_SEARCH_PATHS = (
					"$(inherited)",
					"@executable_path/Frameworks",
				);
				PRODUCT_BUNDLE_IDENTIFIER = aayush1004.GlassdoorDemo;
				PRODUCT_NAME = "$(TARGET_NAME)";
				SWIFT_VERSION = 4.2;
				TARGETED_DEVICE_FAMILY = "1,2";
			};
			name = Debug;
		};
		13AF60FB22347E8D0041FAA9 /* Release */ = {
			isa = XCBuildConfiguration;
			buildSettings = {
				ASSETCATALOG_COMPILER_APPICON_NAME = AppIcon;
				CODE_SIGN_STYLE = Automatic;
				DEVELOPMENT_TEAM = TWFJG3F896;
				INFOPLIST_FILE = GlassdoorDemo/Info.plist;
				LD_RUNPATH_SEARCH_PATHS = (
					"$(inherited)",
					"@executable_path/Frameworks",
				);
				PRODUCT_BUNDLE_IDENTIFIER = aayush1004.GlassdoorDemo;
				PRODUCT_NAME = "$(TARGET_NAME)";
				SWIFT_VERSION = 4.2;
				TARGETED_DEVICE_FAMILY = "1,2";
			};
			name = Release;
		};
/* End XCBuildConfiguration section */

/* Begin XCConfigurationList section */
		13AF60E222347E8B0041FAA9 /* Build configuration list for PBXProject "GlassdoorDemo" */ = {
			isa = XCConfigurationList;
			buildConfigurations = (
				13AF60F722347E8D0041FAA9 /* Debug */,
				13AF60F822347E8D0041FAA9 /* Release */,
			);
			defaultConfigurationIsVisible = 0;
			defaultConfigurationName = Release;
		};
		13AF60F922347E8D0041FAA9 /* Build configuration list for PBXNativeTarget "GlassdoorDemo" */ = {
			isa = XCConfigurationList;
			buildConfigurations = (
				13AF60FA22347E8D0041FAA9 /* Debug */,
				13AF60FB22347E8D0041FAA9 /* Release */,
			);
			defaultConfigurationIsVisible = 0;
			defaultConfigurationName = Release;
		};
/* End XCConfigurationList section */
	};
	rootObject = 13AF60DF22347E8B0041FAA9 /* Project object */;
}
